
Microsoft Visual Studio Solution File, Format Version 12.00
# Visual Studio Version 17
VisualStudioVersion = 17.5.33424.131
MinimumVisualStudioVersion = 10.0.40219.1
Project("{FAE04EC0-301F-11D3-BF4B-00C04F79EFBC}") = "Re2_Fwp", "Re2_Fwp\Re2_Fwp.csproj", "{C7976D99-F6C2-4730-B3E4-9EF20E88D212}"
EndProject
Global
	GlobalSection(SolutionConfigurationPlatforms) = preSolution
		Debug|Any CPU = Debug|Any CPU
		Release|Any CPU = Release|Any CPU
	EndGlobalSection
	GlobalSection(ProjectConfigurationPlatforms) = postSolution
		{C7976D99-F6C2-4730-B3E4-9EF20E88D212}.Debug|Any CPU.ActiveCfg = Debug|Any CPU
		{C7976D99-F6C2-4730-B3E4-9EF20E88D212}.Debug|Any CPU.Build.0 = Debug|Any CPU
		{C7976D99-F6C2-4730-B3E4-9EF20E88D212}.Release|Any CPU.ActiveCfg = Release|Any CPU
		{C7976D99-F6C2-4730-B3E4-9EF20E88D212}.Release|Any CPU.Build.0 = Release|Any CPU
	EndGlobalSection
	GlobalSection(SolutionProperties) = preSolution
		HideSolutionNode = FALSE
	EndGlobalSection
	GlobalSection(ExtensibilityGlobals) = postSolution
		SolutionGuid = {455941CE-EDDA-4BE9-A8E8-98E163F67B27}
	EndGlobalSection
EndGlobal
